{
  "version": 4,
  "terraform_version": "1.1.9",
  "serial": 48,
  "lineage": "cde41d2b-3b78-a91d-3e16-1c1242ed02c5",
  "outputs": {
    "full": {
      "value": {
        "mysql_ip": "10.101.67.124"
      },
      "type": [
        "object",
        {
          "mysql_ip": "string"
        }
      ]
    }
  },
  "resources": [
    {
      "mode": "data",
      "type": "terraform_remote_state",
      "name": "wp-data",
      "provider": "provider[\"terraform.io/builtin/terraform\"]",
      "instances": [
        {
          "schema_version": 0,
          "attributes": {
            "backend": "kubernetes",
            "config": {
              "value": {
                "config_path": "~/.kube/config",
                "load_config_file": true,
                "namespace": "kube-system",
                "secret_suffix": "wp-state"
              },
              "type": [
                "object",
                {
                  "config_path": "string",
                  "load_config_file": "bool",
                  "namespace": "string",
                  "secret_suffix": "string"
                }
              ]
            },
            "defaults": null,
            "outputs": {
              "value": {
                "mysql_ip": "10.101.67.124"
              },
              "type": [
                "object",
                {
                  "mysql_ip": "string"
                }
              ]
            },
            "workspace": null
          },
          "sensitive_attributes": []
        }
      ]
    },
    {
      "mode": "managed",
      "type": "github_branch_default",
      "name": "main",
      "provider": "provider[\"registry.terraform.io/integrations/github\"]",
      "instances": [
        {
          "schema_version": 0,
          "attributes": {
            "branch": "main",
            "id": "tf-modules",
            "rename": true,
            "repository": "tf-modules"
          },
          "sensitive_attributes": [],
          "private": "bnVsbA==",
          "dependencies": [
            "github_repository.modules"
          ]
        }
      ]
    },
    {
      "mode": "managed",
      "type": "github_repository",
      "name": "modules",
      "provider": "provider[\"registry.terraform.io/integrations/github\"]",
      "instances": [
        {
          "schema_version": 1,
          "attributes": {
            "allow_auto_merge": false,
            "allow_merge_commit": true,
            "allow_rebase_merge": true,
            "allow_squash_merge": true,
            "allow_update_branch": false,
            "archive_on_destroy": null,
            "archived": false,
            "auto_init": true,
            "default_branch": "main",
            "delete_branch_on_merge": false,
            "description": "Terraform demo",
            "etag": "W/\"07ae4e8aa96c1ef8d7f6efb2ae6d2e5abf0add9182683470c600645c5e590c5f\"",
            "full_name": "Fenikks/tf-modules",
            "git_clone_url": "git://github.com/Fenikks/tf-modules.git",
            "gitignore_template": null,
            "has_discussions": false,
            "has_downloads": false,
            "has_issues": false,
            "has_projects": false,
            "has_wiki": false,
            "homepage_url": "",
            "html_url": "https://github.com/Fenikks/tf-modules",
            "http_clone_url": "https://github.com/Fenikks/tf-modules.git",
            "id": "tf-modules",
            "ignore_vulnerability_alerts_during_read": null,
            "is_template": false,
            "license_template": null,
            "merge_commit_message": "PR_TITLE",
            "merge_commit_title": "MERGE_MESSAGE",
            "name": "tf-modules",
            "node_id": "R_kgDOKLC8pQ",
            "pages": [],
            "private": false,
            "repo_id": 682671269,
            "security_and_analysis": [
              {
                "advanced_security": [],
                "secret_scanning": [
                  {
                    "status": "disabled"
                  }
                ],
                "secret_scanning_push_protection": [
                  {
                    "status": "disabled"
                  }
                ]
              }
            ],
            "squash_merge_commit_message": "COMMIT_MESSAGES",
            "squash_merge_commit_title": "COMMIT_OR_PR_TITLE",
            "ssh_clone_url": "git@github.com:Fenikks/tf-modules.git",
            "svn_url": "https://github.com/Fenikks/tf-modules",
            "template": [],
            "topics": [],
            "visibility": "public",
            "vulnerability_alerts": false
          },
          "sensitive_attributes": [],
          "private": "eyJzY2hlbWFfdmVyc2lvbiI6IjEifQ=="
        }
      ]
    },
    {
      "mode": "managed",
      "type": "github_repository_file",
      "name": "file",
      "provider": "provider[\"registry.terraform.io/integrations/github\"]",
      "instances": [
        {
          "index_key": "output.tf",
          "schema_version": 0,
          "attributes": {
            "branch": "main",
            "commit_author": "Alina Freydina",
            "commit_email": "alina.freydina@gmail.com",
            "commit_message": "Managed by Terraform",
            "commit_sha": "7bda0b845f7a022565fc0ff37022063c57dd5d6f",
            "content": "output \"mysql_svc_ip\" {\n    value = kubernetes_service.this.0.spec[0].cluster_ip\n}\n",
            "file": "service/output.tf",
            "id": "tf-modules/service/output.tf",
            "overwrite_on_create": true,
            "ref": "main",
            "repository": "tf-modules",
            "sha": "d23e398a5b72363a346b17e21a8cd6483c763f89"
          },
          "sensitive_attributes": [],
          "private": "bnVsbA==",
          "dependencies": [
            "github_branch_default.main",
            "github_repository.modules"
          ]
        },
        {
          "index_key": "svc.tf",
          "schema_version": 0,
          "attributes": {
            "branch": "main",
            "commit_author": "Alina Freydina",
            "commit_email": "alina.freydina@gmail.com",
            "commit_message": "Managed by Terraform",
            "commit_sha": "f56e9567aaa8820aa27c1006604b19471500f25a",
            "content": "resource \"kubernetes_service\" \"this\" {\n    count = var.create ? 1 : 0\n    metadata {\n        name   = var.svc_name\n        labels = var.svc_labels\n        namespace = var.svc_ns\n    }\n    spec {\n        selector = var.svc_selector\n        \n        port {\n            port        = var.svc_port\n            target_port = var.svc_target_port\n        }\n\n        type = var.svc_type\n    }\n}\n",
            "file": "service/svc.tf",
            "id": "tf-modules/service/svc.tf",
            "overwrite_on_create": true,
            "ref": "main",
            "repository": "tf-modules",
            "sha": "d5df189b9b4cf8a8919d16e411380660a4b671f7"
          },
          "sensitive_attributes": [],
          "private": "bnVsbA==",
          "dependencies": [
            "github_branch_default.main",
            "github_repository.modules"
          ]
        },
        {
          "index_key": "variables.tf",
          "schema_version": 0,
          "attributes": {
            "branch": "main",
            "commit_author": "Alina Freydina",
            "commit_email": "alina.freydina@gmail.com",
            "commit_message": "Managed by Terraform",
            "commit_sha": "5788c329fd688040e463b9bb3102136361e05a9d",
            "content": "variable \"svc_name\" {\n    description = \"Service name\"\n    type = string\n    default = \"demo-service\"\n}\nvariable \"svc_labels\" {}\nvariable \"svc_ns\" {}\nvariable \"svc_selector\" {}\nvariable \"svc_port\" {}\nvariable \"create\" {\n    default = true\n}\nvariable \"svc_target_port\" {}\nvariable \"svc_type\" {}\n",
            "file": "service/variables.tf",
            "id": "tf-modules/service/variables.tf",
            "overwrite_on_create": true,
            "ref": "main",
            "repository": "tf-modules",
            "sha": "a0093cf6f302d3b375dd37479e931c9f625d6d8c"
          },
          "sensitive_attributes": [],
          "private": "bnVsbA==",
          "dependencies": [
            "github_branch_default.main",
            "github_repository.modules"
          ]
        }
      ]
    },
    {
      "mode": "managed",
      "type": "github_repository_file",
      "name": "file-tmp",
      "provider": "provider[\"registry.terraform.io/integrations/github\"]",
      "instances": [
        {
          "schema_version": 0,
          "attributes": {
            "branch": "main",
            "commit_author": "Alina Freydina",
            "commit_email": "alina.freydina@gmail.com",
            "commit_message": "Managed by Terraform",
            "commit_sha": "29dbbe44e6f2df2a0d8ead2944bd776ff93c2770",
            "content": "10.101.67.124",
            "file": "test.txt",
            "id": "tf-modules/test.txt",
            "overwrite_on_create": true,
            "ref": "main",
            "repository": "tf-modules",
            "sha": "efb2dfcef34e4a5abf8cc603cf267a94a4d012de"
          },
          "sensitive_attributes": [],
          "private": "bnVsbA==",
          "dependencies": [
            "data.terraform_remote_state.wp-data",
            "github_branch_default.main",
            "github_repository.modules"
          ]
        }
      ]
    },
    {
      "mode": "managed",
      "type": "local_file",
      "name": "ansible_inventory",
      "provider": "provider[\"registry.terraform.io/hashicorp/local\"]",
      "instances": [
        {
          "schema_version": 0,
          "attributes": {
            "content": "[vms]\n10.101.67.124 ansible_private_key_file=/home/vagrant/.ssh/id_rsa",
            "content_base64": null,
            "content_base64sha256": "sokmxgdTu9WrezhZmS73IQXUK65rx+5XSttHM8amZes=",
            "content_base64sha512": "Cl/Oo9btlObnwtHLG6S4h3H9t6UO+AhlOJiUWuFc2PcLUVioEv4FhC0M+i6QAHDuw3dkFYzHZ76+i8HYV2zaPg==",
            "content_md5": "4811638c41ad17fddbdc83a30c938461",
            "content_sha1": "ed8108c4081f1ecc89a0daa3d1939fcdf4b451ae",
            "content_sha256": "b28926c60753bbd5ab7b3859992ef72105d42bae6bc7ee574adb4733c6a665eb",
            "content_sha512": "0a5fcea3d6ed94e6e7c2d1cb1ba4b88771fdb7a50ef808653898945ae15cd8f70b5158a812fe05842d0cfa2e900070eec37764158cc767bebe8bc1d8576cda3e",
            "directory_permission": "0777",
            "file_permission": "0777",
            "filename": "./inventory",
            "id": "ed8108c4081f1ecc89a0daa3d1939fcdf4b451ae",
            "sensitive_content": null,
            "source": null
          },
          "sensitive_attributes": [],
          "dependencies": [
            "data.terraform_remote_state.wp-data"
          ]
        }
      ]
    },
    {
      "mode": "managed",
      "type": "null_resource",
      "name": "docker_build",
      "provider": "provider[\"registry.terraform.io/hashicorp/null\"]",
      "instances": [
        {
          "schema_version": 0,
          "attributes": {
            "id": "306957411386860386",
            "triggers": {
              "docker_file": "2e4eea9d6ae07f912dc59983757fca0c"
            }
          },
          "sensitive_attributes": []
        }
      ]
    }
  ]
}
